
Microsoft Visual Studio Solution File, Format Version 12.00
# Visual Studio Version 17
VisualStudioVersion = 17.5.33502.453
MinimumVisualStudioVersion = 10.0.40219.1
Project("{FAE04EC0-301F-11D3-BF4B-00C04F79EFBC}") = "SysPro_HW_CG", "SysPro_HW_CG\SysPro_HW_CG.csproj", "{CC4A5170-452B-446B-98B9-6FADC600EB2F}"
EndProject
Global
	GlobalSection(SolutionConfigurationPlatforms) = preSolution
		Debug|Any CPU = Debug|Any CPU
		Release|Any CPU = Release|Any CPU
	EndGlobalSection
	GlobalSection(ProjectConfigurationPlatforms) = postSolution
		{CC4A5170-452B-446B-98B9-6FADC600EB2F}.Debug|Any CPU.ActiveCfg = Debug|Any CPU
		{CC4A5170-452B-446B-98B9-6FADC600EB2F}.Debug|Any CPU.Build.0 = Debug|Any CPU
		{CC4A5170-452B-446B-98B9-6FADC600EB2F}.Release|Any CPU.ActiveCfg = Release|Any CPU
		{CC4A5170-452B-446B-98B9-6FADC600EB2F}.Release|Any CPU.Build.0 = Release|Any CPU
	EndGlobalSection
	GlobalSection(SolutionProperties) = preSolution
		HideSolutionNode = FALSE
	EndGlobalSection
	GlobalSection(ExtensibilityGlobals) = postSolution
		SolutionGuid = {BBF44976-E33A-4359-9878-C900C1DE6746}
	EndGlobalSection
EndGlobal
